
Microsoft Visual Studio Solution File, Format Version 12.00
# Visual Studio Version 17
VisualStudioVersion = 17.7.34202.233
MinimumVisualStudioVersion = 10.0.40219.1
Project("{FAE04EC0-301F-11D3-BF4B-00C04F79EFBC}") = "APIs", "APIs\APIs.csproj", "{C0FF825F-9483-495C-9A2E-2263972226E0}"
EndProject
Global
	GlobalSection(SolutionConfigurationPlatforms) = preSolution
		Debug|Any CPU = Debug|Any CPU
		Release|Any CPU = Release|Any CPU
	EndGlobalSection
	GlobalSection(ProjectConfigurationPlatforms) = postSolution
		{C0FF825F-9483-495C-9A2E-2263972226E0}.Debug|Any CPU.ActiveCfg = Debug|Any CPU
		{C0FF825F-9483-495C-9A2E-2263972226E0}.Debug|Any CPU.Build.0 = Debug|Any CPU
		{C0FF825F-9483-495C-9A2E-2263972226E0}.Release|Any CPU.ActiveCfg = Release|Any CPU
		{C0FF825F-9483-495C-9A2E-2263972226E0}.Release|Any CPU.Build.0 = Release|Any CPU
	EndGlobalSection
	GlobalSection(SolutionProperties) = preSolution
		HideSolutionNode = FALSE
	EndGlobalSection
	GlobalSection(ExtensibilityGlobals) = postSolution
		SolutionGuid = {28CE4C39-B7E6-4610-A0B9-7CA0674B50A8}
	EndGlobalSection
EndGlobal
